// !$*UTF8*$!
{
	archiveVersion = 1;
	classes = {
	};
	objectVersion = 51;
	objects = {

/* Begin PBXBuildFile section */
		555776BA235DC42C00ACC641 /* AppDelegate.swift in Sources */ = {isa = PBXBuildFile; fileRef = 555776B9235DC42C00ACC641 /* AppDelegate.swift */; };
		555776BC235DC42C00ACC641 /* SceneDelegate.swift in Sources */ = {isa = PBXBuildFile; fileRef = 555776BB235DC42C00ACC641 /* SceneDelegate.swift */; };
		555776BE235DC42C00ACC641 /* LoginController.swift in Sources */ = {isa = PBXBuildFile; fileRef = 555776BD235DC42C00ACC641 /* LoginController.swift */; };
		555776C1235DC42C00ACC641 /* Main.storyboard in Resources */ = {isa = PBXBuildFile; fileRef = 555776BF235DC42C00ACC641 /* Main.storyboard */; };
		555776C3235DC42D00ACC641 /* Assets.xcassets in Resources */ = {isa = PBXBuildFile; fileRef = 555776C2235DC42D00ACC641 /* Assets.xcassets */; };
		555776C6235DC42D00ACC641 /* LaunchScreen.storyboard in Resources */ = {isa = PBXBuildFile; fileRef = 555776C4235DC42D00ACC641 /* LaunchScreen.storyboard */; };
		558D8D7A236D9AE600E77E35 /* GoogleService-Info.plist in Resources */ = {isa = PBXBuildFile; fileRef = 558D8D79236D9AE500E77E35 /* GoogleService-Info.plist */; };
		55C15EED236B03EE009201CA /* HomeController.swift in Sources */ = {isa = PBXBuildFile; fileRef = 55C15EEC236B03EE009201CA /* HomeController.swift */; };
		55D0F697236DA3D9002046F0 /* AddMissionController.swift in Sources */ = {isa = PBXBuildFile; fileRef = 55D0F696236DA3D9002046F0 /* AddMissionController.swift */; };
		55D0F699236DAF69002046F0 /* AddEmployeesController.swift in Sources */ = {isa = PBXBuildFile; fileRef = 55D0F698236DAF69002046F0 /* AddEmployeesController.swift */; };
		55D0F69B236DB364002046F0 /* ListEmpController.swift in Sources */ = {isa = PBXBuildFile; fileRef = 55D0F69A236DB364002046F0 /* ListEmpController.swift */; };
		55D0F69D236DB378002046F0 /* ListMissionController.swift in Sources */ = {isa = PBXBuildFile; fileRef = 55D0F69C236DB378002046F0 /* ListMissionController.swift */; };
		5C476E7AA8B49B2F317DDE99 /* Pods_Virtual_Time_Clock___Gerant.framework in Frameworks */ = {isa = PBXBuildFile; fileRef = 71A418F024CDF050EB58AF81 /* Pods_Virtual_Time_Clock___Gerant.framework */; };
/* End PBXBuildFile section */

/* Begin PBXFileReference section */
		02350124B66D600619EF1188 /* Pods-Virtual Time Clock - Gerant.debug.xcconfig */ = {isa = PBXFileReference; includeInIndex = 1; lastKnownFileType = text.xcconfig; name = "Pods-Virtual Time Clock - Gerant.debug.xcconfig"; path = "Target Support Files/Pods-Virtual Time Clock - Gerant/Pods-Virtual Time Clock - Gerant.debug.xcconfig"; sourceTree = "<group>"; };
		555776B6235DC42C00ACC641 /* Virtual Time Clock - Gerant.app */ = {isa = PBXFileReference; explicitFileType = wrapper.application; includeInIndex = 0; path = "Virtual Time Clock - Gerant.app"; sourceTree = BUILT_PRODUCTS_DIR; };
		555776B9235DC42C00ACC641 /* AppDelegate.swift */ = {isa = PBXFileReference; lastKnownFileType = sourcecode.swift; path = AppDelegate.swift; sourceTree = "<group>"; };
		555776BB235DC42C00ACC641 /* SceneDelegate.swift */ = {isa = PBXFileReference; lastKnownFileType = sourcecode.swift; path = SceneDelegate.swift; sourceTree = "<group>"; };
		555776BD235DC42C00ACC641 /* LoginController.swift */ = {isa = PBXFileReference; lastKnownFileType = sourcecode.swift; path = LoginController.swift; sourceTree = "<group>"; };
		555776C0235DC42C00ACC641 /* Base */ = {isa = PBXFileReference; lastKnownFileType = file.storyboard; name = Base; path = Base.lproj/Main.storyboard; sourceTree = "<group>"; };
		555776C2235DC42D00ACC641 /* Assets.xcassets */ = {isa = PBXFileReference; lastKnownFileType = folder.assetcatalog; path = Assets.xcassets; sourceTree = "<group>"; };
		555776C5235DC42D00ACC641 /* Base */ = {isa = PBXFileReference; lastKnownFileType = file.storyboard; name = Base; path = Base.lproj/LaunchScreen.storyboard; sourceTree = "<group>"; };
		555776C7235DC42D00ACC641 /* Info.plist */ = {isa = PBXFileReference; lastKnownFileType = text.plist.xml; path = Info.plist; sourceTree = "<group>"; };
		558D8D79236D9AE500E77E35 /* GoogleService-Info.plist */ = {isa = PBXFileReference; fileEncoding = 4; lastKnownFileType = text.plist.xml; path = "GoogleService-Info.plist"; sourceTree = "<group>"; };
		55C15EEC236B03EE009201CA /* HomeController.swift */ = {isa = PBXFileReference; lastKnownFileType = sourcecode.swift; path = HomeController.swift; sourceTree = "<group>"; };
		55D0F696236DA3D9002046F0 /* AddMissionController.swift */ = {isa = PBXFileReference; lastKnownFileType = sourcecode.swift; path = AddMissionController.swift; sourceTree = "<group>"; };
		55D0F698236DAF69002046F0 /* AddEmployeesController.swift */ = {isa = PBXFileReference; lastKnownFileType = sourcecode.swift; path = AddEmployeesController.swift; sourceTree = "<group>"; };
		55D0F69A236DB364002046F0 /* ListEmpController.swift */ = {isa = PBXFileReference; lastKnownFileType = sourcecode.swift; path = ListEmpController.swift; sourceTree = "<group>"; };
		55D0F69C236DB378002046F0 /* ListMissionController.swift */ = {isa = PBXFileReference; lastKnownFileType = sourcecode.swift; path = ListMissionController.swift; sourceTree = "<group>"; };
		71A418F024CDF050EB58AF81 /* Pods_Virtual_Time_Clock___Gerant.framework */ = {isa = PBXFileReference; explicitFileType = wrapper.framework; includeInIndex = 0; path = "Pods_Virtual_Time_Clock___Gerant.framework"; sourceTree = BUILT_PRODUCTS_DIR; };
		76EA656DEFAE2769957D498D /* Pods-Virtual Time Clock - Gerant.release.xcconfig */ = {isa = PBXFileReference; includeInIndex = 1; lastKnownFileType = text.xcconfig; name = "Pods-Virtual Time Clock - Gerant.release.xcconfig"; path = "Target Support Files/Pods-Virtual Time Clock - Gerant/Pods-Virtual Time Clock - Gerant.release.xcconfig"; sourceTree = "<group>"; };
/* End PBXFileReference section */

/* Begin PBXFrameworksBuildPhase section */
		555776B3235DC42C00ACC641 /* Frameworks */ = {
			isa = PBXFrameworksBuildPhase;
			buildActionMask = 2147483647;
			files = (
				5C476E7AA8B49B2F317DDE99 /* Pods_Virtual_Time_Clock___Gerant.framework in Frameworks */,
			);
			runOnlyForDeploymentPostprocessing = 0;
		};
/* End PBXFrameworksBuildPhase section */

/* Begin PBXGroup section */
		2A0639AC65208E32DB75C299 /* Pods */ = {
			isa = PBXGroup;
			children = (
				02350124B66D600619EF1188 /* Pods-Virtual Time Clock - Gerant.debug.xcconfig */,
				76EA656DEFAE2769957D498D /* Pods-Virtual Time Clock - Gerant.release.xcconfig */,
			);
			path = Pods;
			sourceTree = "<group>";
		};
		555776AD235DC42C00ACC641 = {
			isa = PBXGroup;
			children = (
				555776B8235DC42C00ACC641 /* Virtual Time Clock - Gerant */,
				555776B7235DC42C00ACC641 /* Products */,
				2A0639AC65208E32DB75C299 /* Pods */,
				B79D352747177B5115195C76 /* Frameworks */,
			);
			sourceTree = "<group>";
		};
		555776B7235DC42C00ACC641 /* Products */ = {
			isa = PBXGroup;
			children = (
				555776B6235DC42C00ACC641 /* Virtual Time Clock - Gerant.app */,
			);
			name = Products;
			sourceTree = "<group>";
		};
		555776B8235DC42C00ACC641 /* Virtual Time Clock - Gerant */ = {
			isa = PBXGroup;
			children = (
				558D8D79236D9AE500E77E35 /* GoogleService-Info.plist */,
				555776B9235DC42C00ACC641 /* AppDelegate.swift */,
				555776BB235DC42C00ACC641 /* SceneDelegate.swift */,
				555776BD235DC42C00ACC641 /* LoginController.swift */,
				555776BF235DC42C00ACC641 /* Main.storyboard */,
				555776C2235DC42D00ACC641 /* Assets.xcassets */,
				555776C4235DC42D00ACC641 /* LaunchScreen.storyboard */,
				555776C7235DC42D00ACC641 /* Info.plist */,
				55C15EEC236B03EE009201CA /* HomeController.swift */,
				55D0F696236DA3D9002046F0 /* AddMissionController.swift */,
				55D0F698236DAF69002046F0 /* AddEmployeesController.swift */,
				55D0F69A236DB364002046F0 /* ListEmpController.swift */,
				55D0F69C236DB378002046F0 /* ListMissionController.swift */,
			);
			path = "Virtual Time Clock - Gerant";
			sourceTree = "<group>";
		};
		B79D352747177B5115195C76 /* Frameworks */ = {
			isa = PBXGroup;
			children = (
				71A418F024CDF050EB58AF81 /* Pods_Virtual_Time_Clock___Gerant.framework */,
			);
			name = Frameworks;
			sourceTree = "<group>";
		};
/* End PBXGroup section */

/* Begin PBXNativeTarget section */
		555776B5235DC42C00ACC641 /* Virtual Time Clock - Gerant */ = {
			isa = PBXNativeTarget;
			buildConfigurationList = 555776CA235DC42D00ACC641 /* Build configuration list for PBXNativeTarget "Virtual Time Clock - Gerant" */;
			buildPhases = (
				2753BE1C7617A42D97D85962 /* [CP] Check Pods Manifest.lock */,
				555776B2235DC42C00ACC641 /* Sources */,
				555776B3235DC42C00ACC641 /* Frameworks */,
				555776B4235DC42C00ACC641 /* Resources */,
				FC74EC9CE9C4246032879DCC /* [CP] Embed Pods Frameworks */,
			);
			buildRules = (
			);
			dependencies = (
			);
			name = "Virtual Time Clock - Gerant";
			productName = "Virtual Time Clock - Gerant";
			productReference = 555776B6235DC42C00ACC641 /* Virtual Time Clock - Gerant.app */;
			productType = "com.apple.product-type.application";
		};
/* End PBXNativeTarget section */

/* Begin PBXProject section */
		555776AE235DC42C00ACC641 /* Project object */ = {
			isa = PBXProject;
			attributes = {
				LastSwiftUpdateCheck = 1110;
				LastUpgradeCheck = 1110;
				ORGANIZATIONNAME = "Guillaume Nirlo";
				TargetAttributes = {
					555776B5235DC42C00ACC641 = {
						CreatedOnToolsVersion = 11.1;
					};
				};
			};
			buildConfigurationList = 555776B1235DC42C00ACC641 /* Build configuration list for PBXProject "Virtual Time Clock - Gerant" */;
			compatibilityVersion = "Xcode 9.3";
			developmentRegion = en;
			hasScannedForEncodings = 0;
			knownRegions = (
				en,
				Base,
			);
			mainGroup = 555776AD235DC42C00ACC641;
			productRefGroup = 555776B7235DC42C00ACC641 /* Products */;
			projectDirPath = "";
			projectRoot = "";
			targets = (
				555776B5235DC42C00ACC641 /* Virtual Time Clock - Gerant */,
			);
		};
/* End PBXProject section */

/* Begin PBXResourcesBuildPhase section */
		555776B4235DC42C00ACC641 /* Resources */ = {
			isa = PBXResourcesBuildPhase;
			buildActionMask = 2147483647;
			files = (
				555776C6235DC42D00ACC641 /* LaunchScreen.storyboard in Resources */,
				558D8D7A236D9AE600E77E35 /* GoogleService-Info.plist in Resources */,
				555776C3235DC42D00ACC641 /* Assets.xcassets in Resources */,
				555776C1235DC42C00ACC641 /* Main.storyboard in Resources */,
			);
			runOnlyForDeploymentPostprocessing = 0;
		};
/* End PBXResourcesBuildPhase section */

/* Begin PBXShellScriptBuildPhase section */
		2753BE1C7617A42D97D85962 /* [CP] Check Pods Manifest.lock */ = {
			isa = PBXShellScriptBuildPhase;
			buildActionMask = 2147483647;
			files = (
			);
			inputFileListPaths = (
			);
			inputPaths = (
				"${PODS_PODFILE_DIR_PATH}/Podfile.lock",
				"${PODS_ROOT}/Manifest.lock",
			);
			name = "[CP] Check Pods Manifest.lock";
			outputFileListPaths = (
			);
			outputPaths = (
				"$(DERIVED_FILE_DIR)/Pods-Virtual Time Clock - Gerant-checkManifestLockResult.txt",
			);
			runOnlyForDeploymentPostprocessing = 0;
			shellPath = /bin/sh;
			shellScript = "diff \"${PODS_PODFILE_DIR_PATH}/Podfile.lock\" \"${PODS_ROOT}/Manifest.lock\" > /dev/null\nif [ $? != 0 ] ; then\n    # print error to STDERR\n    echo \"error: The sandbox is not in sync with the Podfile.lock. Run 'pod install' or update your CocoaPods installation.\" >&2\n    exit 1\nfi\n# This output is used by Xcode 'outputs' to avoid re-running this script phase.\necho \"SUCCESS\" > \"${SCRIPT_OUTPUT_FILE_0}\"\n";
			showEnvVarsInLog = 0;
		};
		FC74EC9CE9C4246032879DCC /* [CP] Embed Pods Frameworks */ = {
			isa = PBXShellScriptBuildPhase;
			buildActionMask = 2147483647;
			files = (
			);
			inputFileListPaths = (
				"${PODS_ROOT}/Target Support Files/Pods-Virtual Time Clock - Gerant/Pods-Virtual Time Clock - Gerant-frameworks-${CONFIGURATION}-input-files.xcfilelist",
			);
			name = "[CP] Embed Pods Frameworks";
			outputFileListPaths = (
				"${PODS_ROOT}/Target Support Files/Pods-Virtual Time Clock - Gerant/Pods-Virtual Time Clock - Gerant-frameworks-${CONFIGURATION}-output-files.xcfilelist",
			);
			runOnlyForDeploymentPostprocessing = 0;
			shellPath = /bin/sh;
			shellScript = "\"${PODS_ROOT}/Target Support Files/Pods-Virtual Time Clock - Gerant/Pods-Virtual Time Clock - Gerant-frameworks.sh\"\n";
			showEnvVarsInLog = 0;
		};
/* End PBXShellScriptBuildPhase section */

/* Begin PBXSourcesBuildPhase section */
		555776B2235DC42C00ACC641 /* Sources */ = {
			isa = PBXSourcesBuildPhase;
			buildActionMask = 2147483647;
			files = (
				55D0F69D236DB378002046F0 /* ListMissionController.swift in Sources */,
				555776BE235DC42C00ACC641 /* LoginController.swift in Sources */,
				55C15EED236B03EE009201CA /* HomeController.swift in Sources */,
				555776BA235DC42C00ACC641 /* AppDelegate.swift in Sources */,
				55D0F69B236DB364002046F0 /* ListEmpController.swift in Sources */,
				55D0F699236DAF69002046F0 /* AddEmployeesController.swift in Sources */,
				555776BC235DC42C00ACC641 /* SceneDelegate.swift in Sources */,
				55D0F697236DA3D9002046F0 /* AddMissionController.swift in Sources */,
			);
			runOnlyForDeploymentPostprocessing = 0;
		};
/* End PBXSourcesBuildPhase section */

/* Begin PBXVariantGroup section */
		555776BF235DC42C00ACC641 /* Main.storyboard */ = {
			isa = PBXVariantGroup;
			children = (
				555776C0235DC42C00ACC641 /* Base */,
			);
			name = Main.storyboard;
			sourceTree = "<group>";
		};
		555776C4235DC42D00ACC641 /* LaunchScreen.storyboard */ = {
			isa = PBXVariantGroup;
			children = (
				555776C5235DC42D00ACC641 /* Base */,
			);
			name = LaunchScreen.storyboard;
			sourceTree = "<group>";
		};
/* End PBXVariantGroup section */

/* Begin XCBuildConfiguration section */
		555776C8235DC42D00ACC641 /* Debug */ = {
			isa = XCBuildConfiguration;
			buildSettings = {
				ALWAYS_SEARCH_USER_PATHS = NO;
				CLANG_ANALYZER_NONNULL = YES;
				CLANG_ANALYZER_NUMBER_OBJECT_CONVERSION = YES_AGGRESSIVE;
				CLANG_CXX_LANGUAGE_STANDARD = "gnu++14";
				CLANG_CXX_LIBRARY = "libc++";
				CLANG_ENABLE_MODULES = YES;
				CLANG_ENABLE_OBJC_ARC = YES;
				CLANG_ENABLE_OBJC_WEAK = YES;
				CLANG_WARN_BLOCK_CAPTURE_AUTORELEASING = YES;
				CLANG_WARN_BOOL_CONVERSION = YES;
				CLANG_WARN_COMMA = YES;
				CLANG_WARN_CONSTANT_CONVERSION = YES;
				CLANG_WARN_DEPRECATED_OBJC_IMPLEMENTATIONS = YES;
				CLANG_WARN_DIRECT_OBJC_ISA_USAGE = YES_ERROR;
				CLANG_WARN_DOCUMENTATION_COMMENTS = YES;
				CLANG_WARN_EMPTY_BODY = YES;
				CLANG_WARN_ENUM_CONVERSION = YES;
				CLANG_WARN_INFINITE_RECURSION = YES;
				CLANG_WARN_INT_CONVERSION = YES;
				CLANG_WARN_NON_LITERAL_NULL_CONVERSION = YES;
				CLANG_WARN_OBJC_IMPLICIT_RETAIN_SELF = YES;
				CLANG_WARN_OBJC_LITERAL_CONVERSION = YES;
				CLANG_WARN_OBJC_ROOT_CLASS = YES_ERROR;
				CLANG_WARN_RANGE_LOOP_ANALYSIS = YES;
				CLANG_WARN_STRICT_PROTOTYPES = YES;
				CLANG_WARN_SUSPICIOUS_MOVE = YES;
				CLANG_WARN_UNGUARDED_AVAILABILITY = YES_AGGRESSIVE;
				CLANG_WARN_UNREACHABLE_CODE = YES;
				CLANG_WARN__DUPLICATE_METHOD_MATCH = YES;
				COPY_PHASE_STRIP = NO;
				DEBUG_INFORMATION_FORMAT = dwarf;
				ENABLE_STRICT_OBJC_MSGSEND = YES;
				ENABLE_TESTABILITY = YES;
				GCC_C_LANGUAGE_STANDARD = gnu11;
				GCC_DYNAMIC_NO_PIC = NO;
				GCC_NO_COMMON_BLOCKS = YES;
				GCC_OPTIMIZATION_LEVEL = 0;
				GCC_PREPROCESSOR_DEFINITIONS = (
					"DEBUG=1",
					"$(inherited)",
				);
				GCC_WARN_64_TO_32_BIT_CONVERSION = YES;
				GCC_WARN_ABOUT_RETURN_TYPE = YES_ERROR;
				GCC_WARN_UNDECLARED_SELECTOR = YES;
				GCC_WARN_UNINITIALIZED_AUTOS = YES_AGGRESSIVE;
				GCC_WARN_UNUSED_FUNCTION = YES;
				GCC_WARN_UNUSED_VARIABLE = YES;
				IPHONEOS_DEPLOYMENT_TARGET = 11.3;
				MTL_ENABLE_DEBUG_INFO = INCLUDE_SOURCE;
				MTL_FAST_MATH = YES;
				ONLY_ACTIVE_ARCH = YES;
				SDKROOT = iphoneos;
				SWIFT_ACTIVE_COMPILATION_CONDITIONS = DEBUG;
				SWIFT_OPTIMIZATION_LEVEL = "-Onone";
			};
			name = Debug;
		};
		555776C9235DC42D00ACC641 /* Release */ = {
			isa = XCBuildConfiguration;
			buildSettings = {
				ALWAYS_SEARCH_USER_PATHS = NO;
				CLANG_ANALYZER_NONNULL = YES;
				CLANG_ANALYZER_NUMBER_OBJECT_CONVERSION = YES_AGGRESSIVE;
				CLANG_CXX_LANGUAGE_STANDARD = "gnu++14";
				CLANG_CXX_LIBRARY = "libc++";
				CLANG_ENABLE_MODULES = YES;
				CLANG_ENABLE_OBJC_ARC = YES;
				CLANG_ENABLE_OBJC_WEAK = YES;
				CLANG_WARN_BLOCK_CAPTURE_AUTORELEASING = YES;
				CLANG_WARN_BOOL_CONVERSION = YES;
				CLANG_WARN_COMMA = YES;
				CLANG_WARN_CONSTANT_CONVERSION = YES;
				CLANG_WARN_DEPRECATED_OBJC_IMPLEMENTATIONS = YES;
				CLANG_WARN_DIRECT_OBJC_ISA_USAGE = YES_ERROR;
				CLANG_WARN_DOCUMENTATION_COMMENTS = YES;
				CLANG_WARN_EMPTY_BODY = YES;
				CLANG_WARN_ENUM_CONVERSION = YES;
				CLANG_WARN_INFINITE_RECURSION = YES;
				CLANG_WARN_INT_CONVERSION = YES;
				CLANG_WARN_NON_LITERAL_NULL_CONVERSION = YES;
				CLANG_WARN_OBJC_IMPLICIT_RETAIN_SELF = YES;
				CLANG_WARN_OBJC_LITERAL_CONVERSION = YES;
				CLANG_WARN_OBJC_ROOT_CLASS = YES_ERROR;
				CLANG_WARN_RANGE_LOOP_ANALYSIS = YES;
				CLANG_WARN_STRICT_PROTOTYPES = YES;
				CLANG_WARN_SUSPICIOUS_MOVE = YES;
				CLANG_WARN_UNGUARDED_AVAILABILITY = YES_AGGRESSIVE;
				CLANG_WARN_UNREACHABLE_CODE = YES;
				CLANG_WARN__DUPLICATE_METHOD_MATCH = YES;
				COPY_PHASE_STRIP = NO;
				DEBUG_INFORMATION_FORMAT = "dwarf-with-dsym";
				ENABLE_NS_ASSERTIONS = NO;
				ENABLE_STRICT_OBJC_MSGSEND = YES;
				GCC_C_LANGUAGE_STANDARD = gnu11;
				GCC_NO_COMMON_BLOCKS = YES;
				GCC_WARN_64_TO_32_BIT_CONVERSION = YES;
				GCC_WARN_ABOUT_RETURN_TYPE = YES_ERROR;
				GCC_WARN_UNDECLARED_SELECTOR = YES;
				GCC_WARN_UNINITIALIZED_AUTOS = YES_AGGRESSIVE;
				GCC_WARN_UNUSED_FUNCTION = YES;
				GCC_WARN_UNUSED_VARIABLE = YES;
				IPHONEOS_DEPLOYMENT_TARGET = 11.3;
				MTL_ENABLE_DEBUG_INFO = NO;
				MTL_FAST_MATH = YES;
				SDKROOT = iphoneos;
				SWIFT_COMPILATION_MODE = wholemodule;
				SWIFT_OPTIMIZATION_LEVEL = "-O";
				VALIDATE_PRODUCT = YES;
			};
			name = Release;
		};
		555776CB235DC42D00ACC641 /* Debug */ = {
			isa = XCBuildConfiguration;
			baseConfigurationReference = 02350124B66D600619EF1188 /* Pods-Virtual Time Clock - Gerant.debug.xcconfig */;
			buildSettings = {
				ASSETCATALOG_COMPILER_APPICON_NAME = AppIcon;
				CODE_SIGN_STYLE = Automatic;
				DEVELOPMENT_TEAM = 4ZAAX28223;
				INFOPLIST_FILE = "Virtual Time Clock - Gerant/Info.plist";
				IPHONEOS_DEPLOYMENT_TARGET = 13.0;
				LD_RUNPATH_SEARCH_PATHS = (
					"$(inherited)",
					"@executable_path/Frameworks",
				);
				PRODUCT_BUNDLE_IDENTIFIER = "com.fr.virtualtimeclock-gerant";
				PRODUCT_NAME = "$(TARGET_NAME)";
				SWIFT_VERSION = 5.0;
				TARGETED_DEVICE_FAMILY = "1,2";
			};
			name = Debug;
		};
		555776CC235DC42D00ACC641 /* Release */ = {
			isa = XCBuildConfiguration;
			baseConfigurationReference = 76EA656DEFAE2769957D498D /* Pods-Virtual Time Clock - Gerant.release.xcconfig */;
			buildSettings = {
				ASSETCATALOG_COMPILER_APPICON_NAME = AppIcon;
				CODE_SIGN_STYLE = Automatic;
				DEVELOPMENT_TEAM = 4ZAAX28223;
				INFOPLIST_FILE = "Virtual Time Clock - Gerant/Info.plist";
				IPHONEOS_DEPLOYMENT_TARGET = 13.0;
				LD_RUNPATH_SEARCH_PATHS = (
					"$(inherited)",
					"@executable_path/Frameworks",
				);
				PRODUCT_BUNDLE_IDENTIFIER = "com.fr.virtualtimeclock-gerant";
				PRODUCT_NAME = "$(TARGET_NAME)";
				SWIFT_VERSION = 5.0;
				TARGETED_DEVICE_FAMILY = "1,2";
			};
			name = Release;
		};
/* End XCBuildConfiguration section */

/* Begin XCConfigurationList section */
		555776B1235DC42C00ACC641 /* Build configuration list for PBXProject "Virtual Time Clock - Gerant" */ = {
			isa = XCConfigurationList;
			buildConfigurations = (
				555776C8235DC42D00ACC641 /* Debug */,
				555776C9235DC42D00ACC641 /* Release */,
			);
			defaultConfigurationIsVisible = 0;
			defaultConfigurationName = Release;
		};
		555776CA235DC42D00ACC641 /* Build configuration list for PBXNativeTarget "Virtual Time Clock - Gerant" */ = {
			isa = XCConfigurationList;
			buildConfigurations = (
				555776CB235DC42D00ACC641 /* Debug */,
				555776CC235DC42D00ACC641 /* Release */,
			);
			defaultConfigurationIsVisible = 0;
			defaultConfigurationName = Release;
		};
/* End XCConfigurationList section */
	};
	rootObject = 555776AE235DC42C00ACC641 /* Project object */;
}
